// !$*UTF8*$!
{
	archiveVersion = 1;
	classes = {
	};
	objectVersion = 46;
	objects = {

/* Begin PBXBuildFile section */
		F9A99E231EA3342600342FB8 /* main.m in Sources */ = {isa = PBXBuildFile; fileRef = F9A99E221EA3342600342FB8 /* main.m */; };
		F9A99E261EA3342600342FB8 /* AppDelegate.m in Sources */ = {isa = PBXBuildFile; fileRef = F9A99E251EA3342600342FB8 /* AppDelegate.m */; };
		F9A99E291EA3342600342FB8 /* ViewController.m in Sources */ = {isa = PBXBuildFile; fileRef = F9A99E281EA3342600342FB8 /* ViewController.m */; };
		F9A99E2C1EA3342600342FB8 /* Main.storyboard in Resources */ = {isa = PBXBuildFile; fileRef = F9A99E2A1EA3342600342FB8 /* Main.storyboard */; };
		F9A99E2E1EA3342600342FB8 /* Assets.xcassets in Resources */ = {isa = PBXBuildFile; fileRef = F9A99E2D1EA3342600342FB8 /* Assets.xcassets */; };
		F9A99E311EA3342600342FB8 /* LaunchScreen.storyboard in Resources */ = {isa = PBXBuildFile; fileRef = F9A99E2F1EA3342600342FB8 /* LaunchScreen.storyboard */; };
		F9A99E3D1EA3348E00342FB8 /* BSXUIView.m in Sources */ = {isa = PBXBuildFile; fileRef = F9A99E3A1EA3348E00342FB8 /* BSXUIView.m */; };
		F9A99E3E1EA3348E00342FB8 /* UIView+BSXMaterialAnimation.m in Sources */ = {isa = PBXBuildFile; fileRef = F9A99E3C1EA3348E00342FB8 /* UIView+BSXMaterialAnimation.m */; };
/* End PBXBuildFile section */

/* Begin PBXFileReference section */
		F9A99E1E1EA3342500342FB8 /* Example.app */ = {isa = PBXFileReference; explicitFileType = wrapper.application; includeInIndex = 0; path = Example.app; sourceTree = BUILT_PRODUCTS_DIR; };
		F9A99E221EA3342600342FB8 /* main.m */ = {isa = PBXFileReference; lastKnownFileType = sourcecode.c.objc; path = main.m; sourceTree = "<group>"; };
		F9A99E241EA3342600342FB8 /* AppDelegate.h */ = {isa = PBXFileReference; lastKnownFileType = sourcecode.c.h; path = AppDelegate.h; sourceTree = "<group>"; };
		F9A99E251EA3342600342FB8 /* AppDelegate.m */ = {isa = PBXFileReference; lastKnownFileType = sourcecode.c.objc; path = AppDelegate.m; sourceTree = "<group>"; };
		F9A99E271EA3342600342FB8 /* ViewController.h */ = {isa = PBXFileReference; lastKnownFileType = sourcecode.c.h; path = ViewController.h; sourceTree = "<group>"; };
		F9A99E281EA3342600342FB8 /* ViewController.m */ = {isa = PBXFileReference; lastKnownFileType = sourcecode.c.objc; path = ViewController.m; sourceTree = "<group>"; };
		F9A99E2B1EA3342600342FB8 /* Base */ = {isa = PBXFileReference; lastKnownFileType = file.storyboard; name = Base; path = Base.lproj/Main.storyboard; sourceTree = "<group>"; };
		F9A99E2D1EA3342600342FB8 /* Assets.xcassets */ = {isa = PBXFileReference; lastKnownFileType = folder.assetcatalog; path = Assets.xcassets; sourceTree = "<group>"; };
		F9A99E301EA3342600342FB8 /* Base */ = {isa = PBXFileReference; lastKnownFileType = file.storyboard; name = Base; path = Base.lproj/LaunchScreen.storyboard; sourceTree = "<group>"; };
		F9A99E321EA3342600342FB8 /* Info.plist */ = {isa = PBXFileReference; lastKnownFileType = text.plist.xml; path = Info.plist; sourceTree = "<group>"; };
		F9A99E391EA3348E00342FB8 /* BSXUIView.h */ = {isa = PBXFileReference; fileEncoding = 4; lastKnownFileType = sourcecode.c.h; path = BSXUIView.h; sourceTree = "<group>"; };
		F9A99E3A1EA3348E00342FB8 /* BSXUIView.m */ = {isa = PBXFileReference; fileEncoding = 4; lastKnownFileType = sourcecode.c.objc; path = BSXUIView.m; sourceTree = "<group>"; };
		F9A99E3B1EA3348E00342FB8 /* UIView+BSXMaterialAnimation.h */ = {isa = PBXFileReference; fileEncoding = 4; lastKnownFileType = sourcecode.c.h; path = "UIView+BSXMaterialAnimation.h"; sourceTree = "<group>"; };
		F9A99E3C1EA3348E00342FB8 /* UIView+BSXMaterialAnimation.m */ = {isa = PBXFileReference; fileEncoding = 4; lastKnownFileType = sourcecode.c.objc; path = "UIView+BSXMaterialAnimation.m"; sourceTree = "<group>"; };
/* End PBXFileReference section */

/* Begin PBXFrameworksBuildPhase section */
		F9A99E1B1EA3342500342FB8 /* Frameworks */ = {
			isa = PBXFrameworksBuildPhase;
			buildActionMask = 2147483647;
			files = (
			);
			runOnlyForDeploymentPostprocessing = 0;
		};
/* End PBXFrameworksBuildPhase section */

/* Begin PBXGroup section */
		F9A99E151EA3342500342FB8 = {
			isa = PBXGroup;
			children = (
				F9A99E201EA3342600342FB8 /* Example */,
				F9A99E1F1EA3342500342FB8 /* Products */,
			);
			sourceTree = "<group>";
		};
		F9A99E1F1EA3342500342FB8 /* Products */ = {
			isa = PBXGroup;
			children = (
				F9A99E1E1EA3342500342FB8 /* Example.app */,
			);
			name = Products;
			sourceTree = "<group>";
		};
		F9A99E201EA3342600342FB8 /* Example */ = {
			isa = PBXGroup;
			children = (
				F9A99E381EA3348E00342FB8 /* BSXMaterialAnimation */,
				F9A99E241EA3342600342FB8 /* AppDelegate.h */,
				F9A99E251EA3342600342FB8 /* AppDelegate.m */,
				F9A99E271EA3342600342FB8 /* ViewController.h */,
				F9A99E281EA3342600342FB8 /* ViewController.m */,
				F9A99E2A1EA3342600342FB8 /* Main.storyboard */,
				F9A99E2D1EA3342600342FB8 /* Assets.xcassets */,
				F9A99E2F1EA3342600342FB8 /* LaunchScreen.storyboard */,
				F9A99E321EA3342600342FB8 /* Info.plist */,
				F9A99E211EA3342600342FB8 /* Supporting Files */,
			);
			path = Example;
			sourceTree = "<group>";
		};
		F9A99E211EA3342600342FB8 /* Supporting Files */ = {
			isa = PBXGroup;
			children = (
				F9A99E221EA3342600342FB8 /* main.m */,
			);
			name = "Supporting Files";
			sourceTree = "<group>";
		};
		F9A99E381EA3348E00342FB8 /* BSXMaterialAnimation */ = {
			isa = PBXGroup;
			children = (
				F9A99E391EA3348E00342FB8 /* BSXUIView.h */,
				F9A99E3A1EA3348E00342FB8 /* BSXUIView.m */,
				F9A99E3B1EA3348E00342FB8 /* UIView+BSXMaterialAnimation.h */,
				F9A99E3C1EA3348E00342FB8 /* UIView+BSXMaterialAnimation.m */,
			);
			path = BSXMaterialAnimation;
			sourceTree = "<group>";
		};
/* End PBXGroup section */

/* Begin PBXNativeTarget section */
		F9A99E1D1EA3342500342FB8 /* Example */ = {
			isa = PBXNativeTarget;
			buildConfigurationList = F9A99E351EA3342600342FB8 /* Build configuration list for PBXNativeTarget "Example" */;
			buildPhases = (
				F9A99E1A1EA3342500342FB8 /* Sources */,
				F9A99E1B1EA3342500342FB8 /* Frameworks */,
				F9A99E1C1EA3342500342FB8 /* Resources */,
			);
			buildRules = (
			);
			dependencies = (
			);
			name = Example;
			productName = Example;
			productReference = F9A99E1E1EA3342500342FB8 /* Example.app */;
			productType = "com.apple.product-type.application";
		};
/* End PBXNativeTarget section */

/* Begin PBXProject section */
		F9A99E161EA3342500342FB8 /* Project object */ = {
			isa = PBXProject;
			attributes = {
				LastUpgradeCheck = 0830;
				ORGANIZATIONNAME = BangshengXie;
				TargetAttributes = {
					F9A99E1D1EA3342500342FB8 = {
						CreatedOnToolsVersion = 8.3.1;
						DevelopmentTeam = J27JGZX77C;
						ProvisioningStyle = Automatic;
					};
				};
			};
			buildConfigurationList = F9A99E191EA3342500342FB8 /* Build configuration list for PBXProject "Example" */;
			compatibilityVersion = "Xcode 3.2";
			developmentRegion = English;
			hasScannedForEncodings = 0;
			knownRegions = (
				en,
				Base,
			);
			mainGroup = F9A99E151EA3342500342FB8;
			productRefGroup = F9A99E1F1EA3342500342FB8 /* Products */;
			projectDirPath = "";
			projectRoot = "";
			targets = (
				F9A99E1D1EA3342500342FB8 /* Example */,
			);
		};
/* End PBXProject section */

/* Begin PBXResourcesBuildPhase section */
		F9A99E1C1EA3342500342FB8 /* Resources */ = {
			isa = PBXResourcesBuildPhase;
			buildActionMask = 2147483647;
			files = (
				F9A99E311EA3342600342FB8 /* LaunchScreen.storyboard in Resources */,
				F9A99E2E1EA3342600342FB8 /* Assets.xcassets in Resources */,
				F9A99E2C1EA3342600342FB8 /* Main.storyboard in Resources */,
			);
			runOnlyForDeploymentPostprocessing = 0;
		};
/* End PBXResourcesBuildPhase section */

/* Begin PBXSourcesBuildPhase section */
		F9A99E1A1EA3342500342FB8 /* Sources */ = {
			isa = PBXSourcesBuildPhase;
			buildActionMask = 2147483647;
			files = (
				F9A99E3D1EA3348E00342FB8 /* BSXUIView.m in Sources */,
				F9A99E3E1EA3348E00342FB8 /* UIView+BSXMaterialAnimation.m in Sources */,
				F9A99E291EA3342600342FB8 /* ViewController.m in Sources */,
				F9A99E261EA3342600342FB8 /* AppDelegate.m in Sources */,
				F9A99E231EA3342600342FB8 /* main.m in Sources */,
			);
			runOnlyForDeploymentPostprocessing = 0;
		};
/* End PBXSourcesBuildPhase section */

/* Begin PBXVariantGroup section */
		F9A99E2A1EA3342600342FB8 /* Main.storyboard */ = {
			isa = PBXVariantGroup;
			children = (
				F9A99E2B1EA3342600342FB8 /* Base */,
			);
			name = Main.storyboard;
			sourceTree = "<group>";
		};
		F9A99E2F1EA3342600342FB8 /* LaunchScreen.storyboard */ = {
			isa = PBXVariantGroup;
			children = (
				F9A99E301EA3342600342FB8 /* Base */,
			);
			name = LaunchScreen.storyboard;
			sourceTree = "<group>";
		};
/* End PBXVariantGroup section */

/* Begin XCBuildConfiguration section */
		F9A99E331EA3342600342FB8 /* Debug */ = {
			isa = XCBuildConfiguration;
			buildSettings = {
				ALWAYS_SEARCH_USER_PATHS = NO;
				CLANG_ANALYZER_NONNULL = YES;
				CLANG_ANALYZER_NUMBER_OBJECT_CONVERSION = YES_AGGRESSIVE;
				CLANG_CXX_LANGUAGE_STANDARD = "gnu++0x";
				CLANG_CXX_LIBRARY = "libc++";
				CLANG_ENABLE_MODULES = YES;
				CLANG_ENABLE_OBJC_ARC = YES;
				CLANG_WARN_BOOL_CONVERSION = YES;
				CLANG_WARN_CONSTANT_CONVERSION = YES;
				CLANG_WARN_DIRECT_OBJC_ISA_USAGE = YES_ERROR;
				CLANG_WARN_DOCUMENTATION_COMMENTS = YES;
				CLANG_WARN_EMPTY_BODY = YES;
				CLANG_WARN_ENUM_CONVERSION = YES;
				CLANG_WARN_INFINITE_RECURSION = YES;
				CLANG_WARN_INT_CONVERSION = YES;
				CLANG_WARN_OBJC_ROOT_CLASS = YES_ERROR;
				CLANG_WARN_SUSPICIOUS_MOVE = YES;
				CLANG_WARN_UNREACHABLE_CODE = YES;
				CLANG_WARN__DUPLICATE_METHOD_MATCH = YES;
				"CODE_SIGN_IDENTITY[sdk=iphoneos*]" = "iPhone Developer";
				COPY_PHASE_STRIP = NO;
				DEBUG_INFORMATION_FORMAT = dwarf;
				ENABLE_STRICT_OBJC_MSGSEND = YES;
				ENABLE_TESTABILITY = YES;
				GCC_C_LANGUAGE_STANDARD = gnu99;
				GCC_DYNAMIC_NO_PIC = NO;
				GCC_NO_COMMON_BLOCKS = YES;
				GCC_OPTIMIZATION_LEVEL = 0;
				GCC_PREPROCESSOR_DEFINITIONS = (
					"DEBUG=1",
					"$(inherited)",
				);
				GCC_WARN_64_TO_32_BIT_CONVERSION = YES;
				GCC_WARN_ABOUT_RETURN_TYPE = YES_ERROR;
				GCC_WARN_UNDECLARED_SELECTOR = YES;
				GCC_WARN_UNINITIALIZED_AUTOS = YES_AGGRESSIVE;
				GCC_WARN_UNUSED_FUNCTION = YES;
				GCC_WARN_UNUSED_VARIABLE = YES;
				IPHONEOS_DEPLOYMENT_TARGET = 10.3;
				MTL_ENABLE_DEBUG_INFO = YES;
				ONLY_ACTIVE_ARCH = YES;
				SDKROOT = iphoneos;
			};
			name = Debug;
		};
		F9A99E341EA3342600342FB8 /* Release */ = {
			isa = XCBuildConfiguration;
			buildSettings = {
				ALWAYS_SEARCH_USER_PATHS = NO;
				CLANG_ANALYZER_NONNULL = YES;
				CLANG_ANALYZER_NUMBER_OBJECT_CONVERSION = YES_AGGRESSIVE;
				CLANG_CXX_LANGUAGE_STANDARD = "gnu++0x";
				CLANG_CXX_LIBRARY = "libc++";
				CLANG_ENABLE_MODULES = YES;
				CLANG_ENABLE_OBJC_ARC = YES;
				CLANG_WARN_BOOL_CONVERSION = YES;
				CLANG_WARN_CONSTANT_CONVERSION = YES;
				CLANG_WARN_DIRECT_OBJC_ISA_USAGE = YES_ERROR;
				CLANG_WARN_DOCUMENTATION_COMMENTS = YES;
				CLANG_WARN_EMPTY_BODY = YES;
				CLANG_WARN_ENUM_CONVERSION = YES;
				CLANG_WARN_INFINITE_RECURSION = YES;
				CLANG_WARN_INT_CONVERSION = YES;
				CLANG_WARN_OBJC_ROOT_CLASS = YES_ERROR;
				CLANG_WARN_SUSPICIOUS_MOVE = YES;
				CLANG_WARN_UNREACHABLE_CODE = YES;
				CLANG_WARN__DUPLICATE_METHOD_MATCH = YES;
				"CODE_SIGN_IDENTITY[sdk=iphoneos*]" = "iPhone Developer";
				COPY_PHASE_STRIP = NO;
				DEBUG_INFORMATION_FORMAT = "dwarf-with-dsym";
				ENABLE_NS_ASSERTIONS = NO;
				ENABLE_STRICT_OBJC_MSGSEND = YES;
				GCC_C_LANGUAGE_STANDARD = gnu99;
				GCC_NO_COMMON_BLOCKS = YES;
				GCC_WARN_64_TO_32_BIT_CONVERSION = YES;
				GCC_WARN_ABOUT_RETURN_TYPE = YES_ERROR;
				GCC_WARN_UNDECLARED_SELECTOR = YES;
				GCC_WARN_UNINITIALIZED_AUTOS = YES_AGGRESSIVE;
				GCC_WARN_UNUSED_FUNCTION = YES;
				GCC_WARN_UNUSED_VARIABLE = YES;
				IPHONEOS_DEPLOYMENT_TARGET = 10.3;
				MTL_ENABLE_DEBUG_INFO = NO;
				SDKROOT = iphoneos;
				VALIDATE_PRODUCT = YES;
			};
			name = Release;
		};
		F9A99E361EA3342600342FB8 /* Debug */ = {
			isa = XCBuildConfiguration;
			buildSettings = {
				ASSETCATALOG_COMPILER_APPICON_NAME = AppIcon;
				DEVELOPMENT_TEAM = J27JGZX77C;
				INFOPLIST_FILE = Example/Info.plist;
				LD_RUNPATH_SEARCH_PATHS = "$(inherited) @executable_path/Frameworks";
				PRODUCT_BUNDLE_IDENTIFIER = com.bangshengxie.Example;
				PRODUCT_NAME = "$(TARGET_NAME)";
			};
			name = Debug;
		};
		F9A99E371EA3342600342FB8 /* Release */ = {
			isa = XCBuildConfiguration;
			buildSettings = {
				ASSETCATALOG_COMPILER_APPICON_NAME = AppIcon;
				DEVELOPMENT_TEAM = J27JGZX77C;
				INFOPLIST_FILE = Example/Info.plist;
				LD_RUNPATH_SEARCH_PATHS = "$(inherited) @executable_path/Frameworks";
				PRODUCT_BUNDLE_IDENTIFIER = com.bangshengxie.Example;
				PRODUCT_NAME = "$(TARGET_NAME)";
			};
			name = Release;
		};
/* End XCBuildConfiguration section */

/* Begin XCConfigurationList section */
		F9A99E191EA3342500342FB8 /* Build configuration list for PBXProject "Example" */ = {
			isa = XCConfigurationList;
			buildConfigurations = (
				F9A99E331EA3342600342FB8 /* Debug */,
				F9A99E341EA3342600342FB8 /* Release */,
			);
			defaultConfigurationIsVisible = 0;
			defaultConfigurationName = Release;
		};
		F9A99E351EA3342600342FB8 /* Build configuration list for PBXNativeTarget "Example" */ = {
			isa = XCConfigurationList;
			buildConfigurations = (
				F9A99E361EA3342600342FB8 /* Debug */,
				F9A99E371EA3342600342FB8 /* Release */,
			);
			defaultConfigurationIsVisible = 0;
		};
/* End XCConfigurationList section */
	};
	rootObject = F9A99E161EA3342500342FB8 /* Project object */;
}
